
Microsoft Visual Studio Solution File, Format Version 12.00
# Visual Studio Version 17
VisualStudioVersion = 17.14.36616.10 d17.14
MinimumVisualStudioVersion = 10.0.40219.1
Project("{FAE04EC0-301F-11D3-BF4B-00C04F79EFBC}") = "EzYTDlpCLI", "EzYTDlpCLI.csproj", "{4D191FF1-BF62-491D-A364-A99991AF33EA}"
EndProject
Global
	GlobalSection(SolutionConfigurationPlatforms) = preSolution
		Debug|Any CPU = Debug|Any CPU
		Release|Any CPU = Release|Any CPU
	EndGlobalSection
	GlobalSection(ProjectConfigurationPlatforms) = postSolution
		{4D191FF1-BF62-491D-A364-A99991AF33EA}.Debug|Any CPU.ActiveCfg = Debug|Any CPU
		{4D191FF1-BF62-491D-A364-A99991AF33EA}.Debug|Any CPU.Build.0 = Debug|Any CPU
		{4D191FF1-BF62-491D-A364-A99991AF33EA}.Release|Any CPU.ActiveCfg = Release|Any CPU
		{4D191FF1-BF62-491D-A364-A99991AF33EA}.Release|Any CPU.Build.0 = Release|Any CPU
	EndGlobalSection
	GlobalSection(SolutionProperties) = preSolution
		HideSolutionNode = FALSE
	EndGlobalSection
	GlobalSection(ExtensibilityGlobals) = postSolution
		SolutionGuid = {77B5E2F7-16F4-45CA-9F4B-9C7399D801E6}
	EndGlobalSection
EndGlobal
